# This file is automatically @generated by Cargo.
# It is not intended for manual editing.
version = 4

[[package]]
name = "faultscope-arch-cortex-m"
version = "0.1.0"

[[package]]
name = "faultscope-artifact-elf"
version = "0.1.0"

[[package]]
name = "faultscope-cli"
version = "0.1.0"

[[package]]
name = "faultscope-core"
version = "0.1.0"

[[package]]
name = "faultscope-env-baremetal"
version = "0.1.0"

[[package]]
name = "faultscope-model"
version = "0.1.0"

[[package]]
name = "faultscope-registry"
version = "0.1.0"
